
Microsoft Visual Studio Solution File, Format Version 12.00
# Visual Studio Version 16
VisualStudioVersion = 16.0.28803.452
MinimumVisualStudioVersion = 10.0.40219.1
Project("{9A19103F-16F7-4668-BE54-9A1E7A4F7556}") = "AspNetSeo", "src\AspNetSeo\AspNetSeo.csproj", "{78F8442D-8186-4591-B8D1-16BD57D3926A}"
EndProject
Project("{2150E333-8FDC-42A3-9474-1A3956D46DE8}") = "test", "test", "{9BEACD5B-FBED-4585-9E0D-93C189CF6555}"
EndProject
Project("{9A19103F-16F7-4668-BE54-9A1E7A4F7556}") = "AspNetSeo.CoreMvc", "src\AspNetSeo.CoreMvc\AspNetSeo.CoreMvc.csproj", "{AFE7506D-41B4-4CDA-B706-231683DC16BE}"
EndProject
Project("{2150E333-8FDC-42A3-9474-1A3956D46DE8}") = "test-webapps", "test-webapps", "{C63D7DB6-5EBD-49C8-BAE1-278C2F461FD0}"
EndProject
Project("{9A19103F-16F7-4668-BE54-9A1E7A4F7556}") = "AspNetSeo.CoreMvc.Tests", "test\AspNetSeo.CoreMvc.Tests\AspNetSeo.CoreMvc.Tests.csproj", "{DCF02003-E02B-4401-887F-68E461920353}"
EndProject
Project("{9A19103F-16F7-4668-BE54-9A1E7A4F7556}") = "AspNetSeo.Testing", "test\AspNetSeo.Testing\AspNetSeo.Testing.csproj", "{65A49B60-9DF4-4732-8300-A1E69D5D6256}"
EndProject
Project("{9A19103F-16F7-4668-BE54-9A1E7A4F7556}") = "AspNetSeo.Tests", "test\AspNetSeo.Tests\AspNetSeo.Tests.csproj", "{2D0155CA-C228-413A-ABE4-C2BC66062FB6}"
EndProject
Project("{2150E333-8FDC-42A3-9474-1A3956D46DE8}") = "testing", "testing", "{BFD20C47-0934-45A9-AF15-4B64B1A7E25D}"
EndProject
Project("{9A19103F-16F7-4668-BE54-9A1E7A4F7556}") = "AspNetSeo.CoreMvc.TestWebApp", "test\AspNetSeo.CoreMvc.TestWebApp\AspNetSeo.CoreMvc.TestWebApp.csproj", "{ECE5F381-83D9-4F9A-8E4F-9EED16E6990E}"
EndProject
Global
	GlobalSection(SolutionConfigurationPlatforms) = preSolution
		Debug|Any CPU = Debug|Any CPU
		Release|Any CPU = Release|Any CPU
	EndGlobalSection
	GlobalSection(ProjectConfigurationPlatforms) = postSolution
		{78F8442D-8186-4591-B8D1-16BD57D3926A}.Debug|Any CPU.ActiveCfg = Debug|Any CPU
		{78F8442D-8186-4591-B8D1-16BD57D3926A}.Debug|Any CPU.Build.0 = Debug|Any CPU
		{78F8442D-8186-4591-B8D1-16BD57D3926A}.Release|Any CPU.ActiveCfg = Release|Any CPU
		{78F8442D-8186-4591-B8D1-16BD57D3926A}.Release|Any CPU.Build.0 = Release|Any CPU
		{AFE7506D-41B4-4CDA-B706-231683DC16BE}.Debug|Any CPU.ActiveCfg = Debug|Any CPU
		{AFE7506D-41B4-4CDA-B706-231683DC16BE}.Debug|Any CPU.Build.0 = Debug|Any CPU
		{AFE7506D-41B4-4CDA-B706-231683DC16BE}.Release|Any CPU.ActiveCfg = Release|Any CPU
		{AFE7506D-41B4-4CDA-B706-231683DC16BE}.Release|Any CPU.Build.0 = Release|Any CPU
		{DCF02003-E02B-4401-887F-68E461920353}.Debug|Any CPU.ActiveCfg = Debug|Any CPU
		{DCF02003-E02B-4401-887F-68E461920353}.Debug|Any CPU.Build.0 = Debug|Any CPU
		{DCF02003-E02B-4401-887F-68E461920353}.Release|Any CPU.ActiveCfg = Release|Any CPU
		{DCF02003-E02B-4401-887F-68E461920353}.Release|Any CPU.Build.0 = Release|Any CPU
		{65A49B60-9DF4-4732-8300-A1E69D5D6256}.Debug|Any CPU.ActiveCfg = Debug|Any CPU
		{65A49B60-9DF4-4732-8300-A1E69D5D6256}.Debug|Any CPU.Build.0 = Debug|Any CPU
		{65A49B60-9DF4-4732-8300-A1E69D5D6256}.Release|Any CPU.ActiveCfg = Release|Any CPU
		{65A49B60-9DF4-4732-8300-A1E69D5D6256}.Release|Any CPU.Build.0 = Release|Any CPU
		{2D0155CA-C228-413A-ABE4-C2BC66062FB6}.Debug|Any CPU.ActiveCfg = Debug|Any CPU
		{2D0155CA-C228-413A-ABE4-C2BC66062FB6}.Debug|Any CPU.Build.0 = Debug|Any CPU
		{2D0155CA-C228-413A-ABE4-C2BC66062FB6}.Release|Any CPU.ActiveCfg = Release|Any CPU
		{2D0155CA-C228-413A-ABE4-C2BC66062FB6}.Release|Any CPU.Build.0 = Release|Any CPU
		{ECE5F381-83D9-4F9A-8E4F-9EED16E6990E}.Debug|Any CPU.ActiveCfg = Debug|Any CPU
		{ECE5F381-83D9-4F9A-8E4F-9EED16E6990E}.Debug|Any CPU.Build.0 = Debug|Any CPU
		{ECE5F381-83D9-4F9A-8E4F-9EED16E6990E}.Release|Any CPU.ActiveCfg = Release|Any CPU
		{ECE5F381-83D9-4F9A-8E4F-9EED16E6990E}.Release|Any CPU.Build.0 = Release|Any CPU
	EndGlobalSection
	GlobalSection(SolutionProperties) = preSolution
		HideSolutionNode = FALSE
	EndGlobalSection
	GlobalSection(NestedProjects) = preSolution
		{DCF02003-E02B-4401-887F-68E461920353} = {9BEACD5B-FBED-4585-9E0D-93C189CF6555}
		{65A49B60-9DF4-4732-8300-A1E69D5D6256} = {BFD20C47-0934-45A9-AF15-4B64B1A7E25D}
		{2D0155CA-C228-413A-ABE4-C2BC66062FB6} = {9BEACD5B-FBED-4585-9E0D-93C189CF6555}
		{BFD20C47-0934-45A9-AF15-4B64B1A7E25D} = {9BEACD5B-FBED-4585-9E0D-93C189CF6555}
		{ECE5F381-83D9-4F9A-8E4F-9EED16E6990E} = {C63D7DB6-5EBD-49C8-BAE1-278C2F461FD0}
	EndGlobalSection
	GlobalSection(ExtensibilityGlobals) = postSolution
		SolutionGuid = {0B178017-803B-4370-B7EC-60A84CCB45F7}
	EndGlobalSection
EndGlobal
