Microsoft Visual Studio Solution File, Format Version 12.00
# Visual Studio Version 16
VisualStudioVersion = 16.0.28803.452
MinimumVisualStudioVersion = 10.0.40219.1
Project("{9A19103F-16F7-4668-BE54-9A1E7A4F7556}") = "AspNetSeo", "src\AspNetSeo\AspNetSeo.csproj", "{78F8442D-8186-4591-B8D1-16BD57D3926A}"
EndProject
Project("{9A19103F-16F7-4668-BE54-9A1E7A4F7556}") = "AspNetSeo.CoreMvc", "src\AspNetSeo.CoreMvc\AspNetSeo.CoreMvc.csproj", "{AFE7506D-41B4-4CDA-B706-231683DC16BE}"
EndProject
Project("{2150E333-8FDC-42A3-9474-1A3956D46DE8}") = "build", "build", "{8666C94E-FE27-427C-9575-0CA71123AE35}"
	ProjectSection(SolutionItems) = preProject
		MyGet.ps1 = MyGet.ps1
	EndProjectSection
EndProject
Global
	GlobalSection(SolutionConfigurationPlatforms) = preSolution
		Debug|Any CPU = Debug|Any CPU
		Release|Any CPU = Release|Any CPU
	EndGlobalSection
	GlobalSection(ProjectConfigurationPlatforms) = postSolution
		{78F8442D-8186-4591-B8D1-16BD57D3926A}.Debug|Any CPU.ActiveCfg = Debug|Any CPU
		{78F8442D-8186-4591-B8D1-16BD57D3926A}.Debug|Any CPU.Build.0 = Debug|Any CPU
		{78F8442D-8186-4591-B8D1-16BD57D3926A}.Release|Any CPU.ActiveCfg = Release|Any CPU
		{78F8442D-8186-4591-B8D1-16BD57D3926A}.Release|Any CPU.Build.0 = Release|Any CPU
		{AFE7506D-41B4-4CDA-B706-231683DC16BE}.Debug|Any CPU.ActiveCfg = Debug|Any CPU
		{AFE7506D-41B4-4CDA-B706-231683DC16BE}.Debug|Any CPU.Build.0 = Debug|Any CPU
		{AFE7506D-41B4-4CDA-B706-231683DC16BE}.Release|Any CPU.ActiveCfg = Release|Any CPU
		{AFE7506D-41B4-4CDA-B706-231683DC16BE}.Release|Any CPU.Build.0 = Release|Any CPU
	EndGlobalSection
	GlobalSection(SolutionProperties) = preSolution
		HideSolutionNode = FALSE
	EndGlobalSection
	GlobalSection(ExtensibilityGlobals) = postSolution
		SolutionGuid = {2345D94C-21DB-4140-8468-FD0A217495F0}
	EndGlobalSection
EndGlobal
